
Microsoft Visual Studio Solution File, Format Version 12.00
Project("{FAE04EC0-301F-11D3-BF4B-00C04F79EFBC}") = "AppWithPlugins", "AppWithPlugins\AppWithPlugins.csproj", "{B410D964-7848-4C21-9247-28178C1B467D}"
EndProject
Project("{FAE04EC0-301F-11D3-BF4B-00C04F79EFBC}") = "PluginBase", "PluginBase\PluginBase.csproj", "{E5B8B493-2F06-4AA9-B8F2-4AC5E9428FE8}"
EndProject
Project("{FAE04EC0-301F-11D3-BF4B-00C04F79EFBC}") = "HelloPlugin", "HelloPlugin\HelloPlugin.csproj", "{441B018F-9C4A-4644-AA09-5B4B37494D2D}"
EndProject
Project("{FAE04EC0-301F-11D3-BF4B-00C04F79EFBC}") = "TestHelloPlugin", "TestHelloPlugin\TestHelloPlugin.csproj", "{F4499858-3971-450D-A1E3-41D4620F23E9}"
EndProject
Project("{2150E333-8FDC-42A3-9474-1A3956D46DE8}") = "Tests", "Tests", "{A0A5D614-ABE7-4525-8C31-45F41FBCCD1D}"
EndProject
Project("{2150E333-8FDC-42A3-9474-1A3956D46DE8}") = "PluginProjects", "PluginProjects", "{3B3ED063-7AAD-491A-B295-59173BDF014F}"
EndProject
Project("{FAE04EC0-301F-11D3-BF4B-00C04F79EFBC}") = "HolaPlugin", "HolaPlugin\HolaPlugin.csproj", "{99DE1FC3-E128-4483-961B-182241673244}"
EndProject
Project("{FAE04EC0-301F-11D3-BF4B-00C04F79EFBC}") = "TestHolaPlugin", "TestHolaPlugin\TestHolaPlugin.csproj", "{6F2D72D6-DB29-48D4-BDF9-4EB2FB86A5B6}"
EndProject
Global
	GlobalSection(SolutionConfigurationPlatforms) = preSolution
		Debug|Any CPU = Debug|Any CPU
		Release|Any CPU = Release|Any CPU
	EndGlobalSection
	GlobalSection(ProjectConfigurationPlatforms) = postSolution
		{B410D964-7848-4C21-9247-28178C1B467D}.Debug|Any CPU.ActiveCfg = Debug|Any CPU
		{B410D964-7848-4C21-9247-28178C1B467D}.Debug|Any CPU.Build.0 = Debug|Any CPU
		{B410D964-7848-4C21-9247-28178C1B467D}.Release|Any CPU.ActiveCfg = Release|Any CPU
		{B410D964-7848-4C21-9247-28178C1B467D}.Release|Any CPU.Build.0 = Release|Any CPU
		{E5B8B493-2F06-4AA9-B8F2-4AC5E9428FE8}.Debug|Any CPU.ActiveCfg = Debug|Any CPU
		{E5B8B493-2F06-4AA9-B8F2-4AC5E9428FE8}.Debug|Any CPU.Build.0 = Debug|Any CPU
		{E5B8B493-2F06-4AA9-B8F2-4AC5E9428FE8}.Release|Any CPU.ActiveCfg = Release|Any CPU
		{E5B8B493-2F06-4AA9-B8F2-4AC5E9428FE8}.Release|Any CPU.Build.0 = Release|Any CPU
		{441B018F-9C4A-4644-AA09-5B4B37494D2D}.Debug|Any CPU.ActiveCfg = Debug|Any CPU
		{441B018F-9C4A-4644-AA09-5B4B37494D2D}.Debug|Any CPU.Build.0 = Debug|Any CPU
		{441B018F-9C4A-4644-AA09-5B4B37494D2D}.Release|Any CPU.ActiveCfg = Release|Any CPU
		{441B018F-9C4A-4644-AA09-5B4B37494D2D}.Release|Any CPU.Build.0 = Release|Any CPU
		{F4499858-3971-450D-A1E3-41D4620F23E9}.Debug|Any CPU.ActiveCfg = Debug|Any CPU
		{F4499858-3971-450D-A1E3-41D4620F23E9}.Debug|Any CPU.Build.0 = Debug|Any CPU
		{F4499858-3971-450D-A1E3-41D4620F23E9}.Release|Any CPU.ActiveCfg = Release|Any CPU
		{F4499858-3971-450D-A1E3-41D4620F23E9}.Release|Any CPU.Build.0 = Release|Any CPU
		{99DE1FC3-E128-4483-961B-182241673244}.Debug|Any CPU.ActiveCfg = Debug|Any CPU
		{99DE1FC3-E128-4483-961B-182241673244}.Debug|Any CPU.Build.0 = Debug|Any CPU
		{99DE1FC3-E128-4483-961B-182241673244}.Release|Any CPU.ActiveCfg = Release|Any CPU
		{99DE1FC3-E128-4483-961B-182241673244}.Release|Any CPU.Build.0 = Release|Any CPU
		{6F2D72D6-DB29-48D4-BDF9-4EB2FB86A5B6}.Debug|Any CPU.ActiveCfg = Debug|Any CPU
		{6F2D72D6-DB29-48D4-BDF9-4EB2FB86A5B6}.Debug|Any CPU.Build.0 = Debug|Any CPU
		{6F2D72D6-DB29-48D4-BDF9-4EB2FB86A5B6}.Release|Any CPU.ActiveCfg = Release|Any CPU
		{6F2D72D6-DB29-48D4-BDF9-4EB2FB86A5B6}.Release|Any CPU.Build.0 = Release|Any CPU
	EndGlobalSection
	GlobalSection(NestedProjects) = preSolution
		{F4499858-3971-450D-A1E3-41D4620F23E9} = {A0A5D614-ABE7-4525-8C31-45F41FBCCD1D}
		{441B018F-9C4A-4644-AA09-5B4B37494D2D} = {3B3ED063-7AAD-491A-B295-59173BDF014F}
		{99DE1FC3-E128-4483-961B-182241673244} = {3B3ED063-7AAD-491A-B295-59173BDF014F}
		{6F2D72D6-DB29-48D4-BDF9-4EB2FB86A5B6} = {A0A5D614-ABE7-4525-8C31-45F41FBCCD1D}
	EndGlobalSection
EndGlobal
